
Microsoft Visual Studio Solution File, Format Version 12.00
# Visual Studio Version 17
VisualStudioVersion = 17.8.34511.84
MinimumVisualStudioVersion = 10.0.40219.1
Project("{9A19103F-16F7-4668-BE54-9A1E7A4F7556}") = "WeeUrl", "WeeUrl.csproj", "{81CF8D36-FC17-4054-8F4A-5E3AA70C621E}"
EndProject
Global
	GlobalSection(SolutionConfigurationPlatforms) = preSolution
		Debug|Any CPU = Debug|Any CPU
		Release|Any CPU = Release|Any CPU
	EndGlobalSection
	GlobalSection(ProjectConfigurationPlatforms) = postSolution
		{81CF8D36-FC17-4054-8F4A-5E3AA70C621E}.Debug|Any CPU.ActiveCfg = Debug|Any CPU
		{81CF8D36-FC17-4054-8F4A-5E3AA70C621E}.Debug|Any CPU.Build.0 = Debug|Any CPU
		{81CF8D36-FC17-4054-8F4A-5E3AA70C621E}.Release|Any CPU.ActiveCfg = Release|Any CPU
		{81CF8D36-FC17-4054-8F4A-5E3AA70C621E}.Release|Any CPU.Build.0 = Release|Any CPU
	EndGlobalSection
	GlobalSection(SolutionProperties) = preSolution
		HideSolutionNode = FALSE
	EndGlobalSection
	GlobalSection(ExtensibilityGlobals) = postSolution
		SolutionGuid = {9464FE05-304F-4347-B1BF-2B954E802700}
	EndGlobalSection
EndGlobal
